// !$*UTF8*$!
{ archiveVersion = 1; classes = {}; objectVersion = 56; objects = {
53D200D8B422B5054F022C24 = {isa = PBXFileReference; lastKnownFileType = sourcecode.swift; path = AccountViews.swift; sourceTree = "<group>";};
1D7FCD8BDBA19E4C2132BE3C = {isa = PBXBuildFile; fileRef = 53D200D8B422B5054F022C24;};
B2FB439851B07666443FB69F = {isa = PBXFileReference; lastKnownFileType = sourcecode.swift; path = LocationView.swift; sourceTree = "<group>";};
E56982D8E4E23159B4A439AC = {isa = PBXBuildFile; fileRef = B2FB439851B07666443FB69F;};
8BF4A28E43F6CF370D3EE1C2 = {isa = PBXFileReference; lastKnownFileType = sourcecode.swift; path = Models.swift; sourceTree = "<group>";};
D1B1E93CC8825EE71A6BC9AF = {isa = PBXBuildFile; fileRef = 8BF4A28E43F6CF370D3EE1C2;};
20DA9B9E5D4CAE769E90AE5D = {isa = PBXFileReference; lastKnownFileType = sourcecode.swift; path = MoreViews.swift; sourceTree = "<group>";};
CEC870408E47B08053335437 = {isa = PBXBuildFile; fileRef = 20DA9B9E5D4CAE769E90AE5D;};
184A67CC363CF9CEB15E2EC6 = {isa = PBXFileReference; lastKnownFileType = sourcecode.swift; path = PlanningViews.swift; sourceTree = "<group>";};
96851B376B1E83E455D607A2 = {isa = PBXBuildFile; fileRef = 184A67CC363CF9CEB15E2EC6;};
0991948DBEFEC33CC776D59D = {isa = PBXFileReference; lastKnownFileType = sourcecode.swift; path = Store.swift; sourceTree = "<group>";};
5CC0D972A739984FFFBD4091 = {isa = PBXBuildFile; fileRef = 0991948DBEFEC33CC776D59D;};
8DEB66A4A90B06652ACE603A = {isa = PBXFileReference; lastKnownFileType = sourcecode.swift; path = SyncMerge.swift; sourceTree = "<group>";};
FCF1D0713A922CBF9AF6E831 = {isa = PBXBuildFile; fileRef = 8DEB66A4A90B06652ACE603A;};
AA2543B71A2229BAC578E5F9 = {isa = PBXFileReference; lastKnownFileType = sourcecode.swift; path = TotalLogApp.swift; sourceTree = "<group>";};
B30D2D9F8677DB1A717CD4F1 = {isa = PBXBuildFile; fileRef = AA2543B71A2229BAC578E5F9;};
3685E330EC5277A9DD5661C6 = {isa = PBXFileReference; lastKnownFileType = folder.assetcatalog; path = Assets.xcassets; sourceTree = "<group>";};
04200CFFD12D083534B07BB1 = {isa = PBXBuildFile; fileRef = 3685E330EC5277A9DD5661C6;};
96ED5C5789B174A01557791C = {isa = PBXFileReference; lastKnownFileType = text.xml; path = PrivacyInfo.xcprivacy; sourceTree = "<group>";};
07B760A8663938679E1BD8F1 = {isa = PBXBuildFile; fileRef = 96ED5C5789B174A01557791C;};
38A007151ABE87CC01A5B6E9 = {isa = PBXFileReference; explicitFileType = wrapper.application; path = TotalLog.app; sourceTree = BUILT_PRODUCTS_DIR;};
BCE16DD0260827ECF338C787 = {isa = PBXGroup; children = (53D200D8B422B5054F022C24,B2FB439851B07666443FB69F,8BF4A28E43F6CF370D3EE1C2,20DA9B9E5D4CAE769E90AE5D,184A67CC363CF9CEB15E2EC6,0991948DBEFEC33CC776D59D,8DEB66A4A90B06652ACE603A,AA2543B71A2229BAC578E5F9,3685E330EC5277A9DD5661C6,96ED5C5789B174A01557791C,); path = TotalLog; sourceTree = "<group>";};
FBDC4F23F93125BBEEAE800C = {isa = PBXGroup; children = (38A007151ABE87CC01A5B6E9,); name = Products; sourceTree = "<group>";};
B28B7AF69320201D1CF206EB = {isa = PBXGroup; children = (BCE16DD0260827ECF338C787,FBDC4F23F93125BBEEAE800C,); sourceTree = "<group>";};
D3C3E067FC1BBCCEAA4D9313 = {isa = PBXSourcesBuildPhase; buildActionMask = 2147483647; files = (1D7FCD8BDBA19E4C2132BE3C,E56982D8E4E23159B4A439AC,D1B1E93CC8825EE71A6BC9AF,CEC870408E47B08053335437,96851B376B1E83E455D607A2,5CC0D972A739984FFFBD4091,FCF1D0713A922CBF9AF6E831,B30D2D9F8677DB1A717CD4F1,); runOnlyForDeploymentPostprocessing = 0;};
ECE2D868E17AEF81A05610A3 = {isa = PBXResourcesBuildPhase; buildActionMask = 2147483647; files = (04200CFFD12D083534B07BB1,07B760A8663938679E1BD8F1,); runOnlyForDeploymentPostprocessing = 0;};
BEE832DE65DB5CA7507F7EF9 = {isa = PBXFrameworksBuildPhase; buildActionMask = 2147483647; files = (); runOnlyForDeploymentPostprocessing = 0;};
7082CC0B6FC1282FCEABD07A = {isa = XCBuildConfiguration; buildSettings = {CODE_SIGN_STYLE = Automatic; CURRENT_PROJECT_VERSION = 1; GENERATE_INFOPLIST_FILE = YES; INFOPLIST_FILE = TotalLog/Info.plist; INFOPLIST_KEY_CFBundleDisplayName = TotalLog; INFOPLIST_KEY_LSApplicationCategoryType = "public.app-category.productivity"; INFOPLIST_KEY_UILaunchScreen_Generation = YES; INFOPLIST_KEY_UIApplicationSceneManifest_Generation = YES; INFOPLIST_KEY_UISupportedInterfaceOrientations = "UIInterfaceOrientationPortrait UIInterfaceOrientationLandscapeLeft UIInterfaceOrientationLandscapeRight"; IPHONEOS_DEPLOYMENT_TARGET = 17.0; MARKETING_VERSION = 0.1.0; PRODUCT_BUNDLE_IDENTIFIER = com.totallog.iphone; PRODUCT_NAME = "$(TARGET_NAME)"; SDKROOT = iphoneos; SUPPORTED_PLATFORMS = "iphoneos iphonesimulator"; SWIFT_VERSION = 5.0; TARGETED_DEVICE_FAMILY = 1; ASSETCATALOG_COMPILER_APPICON_NAME = AppIcon; SWIFT_OPTIMIZATION_LEVEL = "-Onone"; DEBUG_INFORMATION_FORMAT = dwarf; SWIFT_ACTIVE_COMPILATION_CONDITIONS = DEBUG;}; name = Debug;};
89E1FD6268CC0F221A2BE178 = {isa = XCBuildConfiguration; buildSettings = {CLANG_ENABLE_MODULES = YES;}; name = Debug;};
639A7CA24D39909E713B47F7 = {isa = XCBuildConfiguration; buildSettings = {CODE_SIGN_STYLE = Automatic; CURRENT_PROJECT_VERSION = 1; GENERATE_INFOPLIST_FILE = YES; INFOPLIST_FILE = TotalLog/Info.plist; INFOPLIST_KEY_CFBundleDisplayName = TotalLog; INFOPLIST_KEY_LSApplicationCategoryType = "public.app-category.productivity"; INFOPLIST_KEY_UILaunchScreen_Generation = YES; INFOPLIST_KEY_UIApplicationSceneManifest_Generation = YES; INFOPLIST_KEY_UISupportedInterfaceOrientations = "UIInterfaceOrientationPortrait UIInterfaceOrientationLandscapeLeft UIInterfaceOrientationLandscapeRight"; IPHONEOS_DEPLOYMENT_TARGET = 17.0; MARKETING_VERSION = 0.1.0; PRODUCT_BUNDLE_IDENTIFIER = com.totallog.iphone; PRODUCT_NAME = "$(TARGET_NAME)"; SDKROOT = iphoneos; SUPPORTED_PLATFORMS = "iphoneos iphonesimulator"; SWIFT_VERSION = 5.0; TARGETED_DEVICE_FAMILY = 1; ASSETCATALOG_COMPILER_APPICON_NAME = AppIcon; SWIFT_COMPILATION_MODE = wholemodule; DEBUG_INFORMATION_FORMAT = "dwarf-with-dsym";}; name = Release;};
E6DE6C99132752C914FEF632 = {isa = XCBuildConfiguration; buildSettings = {CLANG_ENABLE_MODULES = YES;}; name = Release;};
5FB66943637FEB59E5652D81 = {isa = XCConfigurationList; buildConfigurations = (7082CC0B6FC1282FCEABD07A,639A7CA24D39909E713B47F7,); defaultConfigurationIsVisible = 0; defaultConfigurationName = Release;};
FB82D759FB6CC8BAF965A9B2 = {isa = XCConfigurationList; buildConfigurations = (89E1FD6268CC0F221A2BE178,E6DE6C99132752C914FEF632,); defaultConfigurationIsVisible = 0; defaultConfigurationName = Release;};
0E8A3AD980EC179856012B7E = {isa = PBXNativeTarget; buildConfigurationList = 5FB66943637FEB59E5652D81; buildPhases = (D3C3E067FC1BBCCEAA4D9313,BEE832DE65DB5CA7507F7EF9,ECE2D868E17AEF81A05610A3,); buildRules = (); dependencies = (); name = TotalLog; productName = TotalLog; productReference = 38A007151ABE87CC01A5B6E9; productType = "com.apple.product-type.application";};
98F54143AB4E86B28C3AFEE0 = {isa = PBXProject; attributes = {BuildIndependentTargetsInParallel = YES; LastUpgradeCheck = 2600; TargetAttributes = {0E8A3AD980EC179856012B7E = {CreatedOnToolsVersion = 26.0;};};}; buildConfigurationList = FB82D759FB6CC8BAF965A9B2; compatibilityVersion = "Xcode 14.0"; developmentRegion = en; hasScannedForEncodings = 0; knownRegions = (en,Base,); mainGroup = B28B7AF69320201D1CF206EB; productRefGroup = FBDC4F23F93125BBEEAE800C; projectDirPath = ""; projectRoot = ""; targets = (0E8A3AD980EC179856012B7E,);};
}; rootObject = 98F54143AB4E86B28C3AFEE0; }
